<?xml version="1.0" encoding="utf-8"?>
<Project ToolsVersion="4.0" xmlns="http://schemas.microsoft.com/developer/msbuild/2003">
  <ItemGroup>
    <Filter Include="Исходные файлы">
      <UniqueIdentifier>{4FC737F1-C7A5-4376-A066-2A32D752A2FF}</UniqueIdentifier>
      <Extensions>cpp;c;cc;cxx;c++;def;odl;idl;hpj;bat;asm;asmx</Extensions>
    </Filter>
    <Filter Include="Файлы заголовков">
      <UniqueIdentifier>{93995380-89BD-4b04-88EB-625FBE52EBFB}</UniqueIdentifier>
      <Extensions>h;hh;hpp;hxx;h++;hm;inl;inc;ipp;xsd</Extensions>
    </Filter>
    <Filter Include="Файлы ресурсов">
      <UniqueIdentifier>{67DA6AB6-F800-4c08-8B7A-83BB121AAD01}</UniqueIdentifier>
      <Extensions>rc;ico;cur;bmp;dlg;rc2;rct;bin;rgs;gif;jpg;jpeg;jpe;resx;tiff;tif;png;wav;mfcribbon-ms</Extensions>
    </Filter>
    <Filter Include="Исходные файлы\GenerationMasters">
      <UniqueIdentifier>{b99e3585-1e95-413d-961b-f6e20cf14559}</UniqueIdentifier>
    </Filter>
    <Filter Include="Файлы заголовков\GenerationMasters">
      <UniqueIdentifier>{aa8a0844-ee49-452d-9f5a-6ac11da299cb}</UniqueIdentifier>
    </Filter>
    <Filter Include="Исходные файлы\GenerationMasters\PartMasters">
      <UniqueIdentifier>{23929a73-67cb-4a1a-963c-08ff45e9853e}</UniqueIdentifier>
    </Filter>
    <Filter Include="Файлы заголовков\GenerationMasters\PartMasters">
      <UniqueIdentifier>{99c18f16-0e66-4f07-b7d1-5a93923f2e25}</UniqueIdentifier>
    </Filter>
    <Filter Include="Исходные файлы\Entitys">
      <UniqueIdentifier>{bdb99f05-3cd8-47a1-8dca-e49944035ce3}</UniqueIdentifier>
    </Filter>
    <Filter Include="Файлы заголовков\Entitys">
      <UniqueIdentifier>{da0cf4cb-4eeb-4c87-aae8-4b0c0bffccab}</UniqueIdentifier>
    </Filter>
    <Filter Include="Исходные файлы\GenerationMasters\FrameMasters">
      <UniqueIdentifier>{9930f06a-2430-4436-a784-7ef45cc976a0}</UniqueIdentifier>
    </Filter>
    <Filter Include="Файлы заголовков\GenerationMasters\FrameMasters">
      <UniqueIdentifier>{5c427165-cda2-47e1-9fb2-b3446d6eb852}</UniqueIdentifier>
    </Filter>
    <Filter Include="Исходные файлы\Misc">
      <UniqueIdentifier>{85797dfd-62d1-413e-9dd7-4c86c1cab07d}</UniqueIdentifier>
    </Filter>
    <Filter Include="Файлы заголовков\Misc">
      <UniqueIdentifier>{7041bd1c-34ce-4e66-9376-384c2cee986a}</UniqueIdentifier>
    </Filter>
  </ItemGroup>
  <ItemGroup>
    <ClCompile Include="main.cpp">
      <Filter>Исходные файлы</Filter>
    </ClCompile>
    <ClCompile Include="ShapeMaster.cpp">
      <Filter>Исходные файлы\GenerationMasters</Filter>
    </ClCompile>
    <ClCompile Include="LinkMaster.cpp">
      <Filter>Исходные файлы\GenerationMasters</Filter>
    </ClCompile>
    <ClCompile Include="LinkSystemMaster.cpp">
      <Filter>Исходные файлы\GenerationMasters</Filter>
    </ClCompile>
    <ClCompile Include="BaseMaster.cpp">
      <Filter>Исходные файлы\GenerationMasters\PartMasters</Filter>
    </ClCompile>
    <ClCompile Include="PartMaster.cpp">
      <Filter>Исходные файлы\GenerationMasters\PartMasters</Filter>
    </ClCompile>
    <ClCompile Include="Pieces.cpp">
      <Filter>Исходные файлы\Entitys</Filter>
    </ClCompile>
    <ClCompile Include="Extensions.cpp">
      <Filter>Исходные файлы\Entitys</Filter>
    </ClCompile>
    <ClCompile Include="Entity.cpp">
      <Filter>Исходные файлы\Entitys</Filter>
    </ClCompile>
    <ClCompile Include="AccessoryMaster.cpp">
      <Filter>Исходные файлы\GenerationMasters\PartMasters</Filter>
    </ClCompile>
    <ClCompile Include="ChassisMaster.cpp">
      <Filter>Исходные файлы\GenerationMasters\PartMasters</Filter>
    </ClCompile>
    <ClCompile Include="FrameMaster.cpp">
      <Filter>Исходные файлы\GenerationMasters\FrameMasters</Filter>
    </ClCompile>
    <ClCompile Include="CreationMaster.cpp">
      <Filter>Исходные файлы\GenerationMasters\FrameMasters</Filter>
    </ClCompile>
    <ClCompile Include="EnvironmentMaster.cpp">
      <Filter>Исходные файлы\GenerationMasters\FrameMasters</Filter>
    </ClCompile>
    <ClCompile Include="ErrorMessage.cpp">
      <Filter>Исходные файлы\Misc</Filter>
    </ClCompile>
    <ClCompile Include="Reframing.cpp">
      <Filter>Исходные файлы\Misc</Filter>
    </ClCompile>
    <ClCompile Include="Shape.cpp">
      <Filter>Исходные файлы\Misc</Filter>
    </ClCompile>
    <ClCompile Include="DecorationMaster.cpp">
      <Filter>Исходные файлы\GenerationMasters\PartMasters</Filter>
    </ClCompile>
    <ClCompile Include="ContactWeaponMaster.cpp">
      <Filter>Исходные файлы\GenerationMasters\PartMasters</Filter>
    </ClCompile>
  </ItemGroup>
  <ItemGroup>
    <ClInclude Include="ShapeMaster.h">
      <Filter>Файлы заголовков\GenerationMasters</Filter>
    </ClInclude>
    <ClInclude Include="LinkMaster.h">
      <Filter>Файлы заголовков\GenerationMasters</Filter>
    </ClInclude>
    <ClInclude Include="LinkSystemMaster.h">
      <Filter>Файлы заголовков\GenerationMasters</Filter>
    </ClInclude>
    <ClInclude Include="BaseMaster.h">
      <Filter>Файлы заголовков\GenerationMasters\PartMasters</Filter>
    </ClInclude>
    <ClInclude Include="PartMaster.h">
      <Filter>Файлы заголовков\GenerationMasters\PartMasters</Filter>
    </ClInclude>
    <ClInclude Include="Entity.h">
      <Filter>Файлы заголовков\Entitys</Filter>
    </ClInclude>
    <ClInclude Include="Pieces.h">
      <Filter>Файлы заголовков\Entitys</Filter>
    </ClInclude>
    <ClInclude Include="Extensions.h">
      <Filter>Файлы заголовков\Entitys</Filter>
    </ClInclude>
    <ClInclude Include="AccessoryMaster.h">
      <Filter>Файлы заголовков\GenerationMasters\PartMasters</Filter>
    </ClInclude>
    <ClInclude Include="ChassisMaster.h">
      <Filter>Файлы заголовков\GenerationMasters\PartMasters</Filter>
    </ClInclude>
    <ClInclude Include="FrameMaster.h">
      <Filter>Файлы заголовков\GenerationMasters\FrameMasters</Filter>
    </ClInclude>
    <ClInclude Include="CreationMaster.h">
      <Filter>Файлы заголовков\GenerationMasters\FrameMasters</Filter>
    </ClInclude>
    <ClInclude Include="EnvironmentMaster.h">
      <Filter>Файлы заголовков\GenerationMasters\FrameMasters</Filter>
    </ClInclude>
    <ClInclude Include="Shape.h">
      <Filter>Файлы заголовков\Misc</Filter>
    </ClInclude>
    <ClInclude Include="ErrorMessage.h">
      <Filter>Файлы заголовков\Misc</Filter>
    </ClInclude>
    <ClInclude Include="Node.h">
      <Filter>Файлы заголовков\Misc</Filter>
    </ClInclude>
    <ClInclude Include="Reframing.h">
      <Filter>Файлы заголовков\Misc</Filter>
    </ClInclude>
    <ClInclude Include="DecorationMaster.h">
      <Filter>Файлы заголовков\GenerationMasters\PartMasters</Filter>
    </ClInclude>
    <ClInclude Include="ContactWeaponMaster.h">
      <Filter>Файлы заголовков\GenerationMasters\PartMasters</Filter>
    </ClInclude>
  </ItemGroup>
</Project>